{
  "version": 4,
  "terraform_version": "1.8.5",
  "serial": 116,
  "lineage": "433a6ac6-bbcc-587b-3963-1bce860a278f",
  "outputs": {},
  "resources": [
    {
      "mode": "data",
      "type": "aws_iam_policy_document",
      "name": "lambda_access_cloudwatch",
      "provider": "provider[\"registry.terraform.io/hashicorp/aws\"]",
      "instances": [
        {
          "schema_version": 0,
          "attributes": {
            "id": "16712114",
            "json": "{\n  \"Version\": \"2012-10-17\",\n  \"Statement\": [\n    {\n      \"Effect\": \"Allow\",\n      \"Action\": [\n        \"logs:PutLogEvents\",\n        \"logs:CreateLogStream\",\n        \"logs:CreateLogGroup\"\n      ],\n      \"Resource\": \"arn:aws:logs:*:*:*\"\n    }\n  ]\n}",
            "minified_json": "{\"Version\":\"2012-10-17\",\"Statement\":[{\"Effect\":\"Allow\",\"Action\":[\"logs:PutLogEvents\",\"logs:CreateLogStream\",\"logs:CreateLogGroup\"],\"Resource\":\"arn:aws:logs:*:*:*\"}]}",
            "override_json": null,
            "override_policy_documents": null,
            "policy_id": null,
            "source_json": null,
            "source_policy_documents": null,
            "statement": [
              {
                "actions": [
                  "logs:CreateLogGroup",
                  "logs:CreateLogStream",
                  "logs:PutLogEvents"
                ],
                "condition": [],
                "effect": "Allow",
                "not_actions": [],
                "not_principals": [],
                "not_resources": [],
                "principals": [],
                "resources": [
                  "arn:aws:logs:*:*:*"
                ],
                "sid": ""
              }
            ],
            "version": "2012-10-17"
          },
          "sensitive_attributes": []
        }
      ]
    },
    {
      "mode": "data",
      "type": "aws_iam_policy_document",
      "name": "lambda_access_s3",
      "provider": "provider[\"registry.terraform.io/hashicorp/aws\"]",
      "instances": [
        {
          "schema_version": 0,
          "attributes": {
            "id": "3754256051",
            "json": "{\n  \"Version\": \"2012-10-17\",\n  \"Statement\": [\n    {\n      \"Effect\": \"Allow\",\n      \"Action\": [\n        \"s3:PutObject\",\n        \"s3:ListBucket\",\n        \"s3:GetObject\",\n        \"s3:DeleteObject\",\n        \"s3:CreateBucket\"\n      ],\n      \"Resource\": [\n        \"arn:aws:s3:::football-project-728573093558/*\",\n        \"arn:aws:s3:::football-project-728573093558\"\n      ]\n    }\n  ]\n}",
            "minified_json": "{\"Version\":\"2012-10-17\",\"Statement\":[{\"Effect\":\"Allow\",\"Action\":[\"s3:PutObject\",\"s3:ListBucket\",\"s3:GetObject\",\"s3:DeleteObject\",\"s3:CreateBucket\"],\"Resource\":[\"arn:aws:s3:::football-project-728573093558/*\",\"arn:aws:s3:::football-project-728573093558\"]}]}",
            "override_json": null,
            "override_policy_documents": null,
            "policy_id": null,
            "source_json": null,
            "source_policy_documents": null,
            "statement": [
              {
                "actions": [
                  "s3:CreateBucket",
                  "s3:DeleteObject",
                  "s3:GetObject",
                  "s3:ListBucket",
                  "s3:PutObject"
                ],
                "condition": [],
                "effect": "Allow",
                "not_actions": [],
                "not_principals": [],
                "not_resources": [],
                "principals": [],
                "resources": [
                  "arn:aws:s3:::football-project-728573093558",
                  "arn:aws:s3:::football-project-728573093558/*"
                ],
                "sid": ""
              }
            ],
            "version": "2012-10-17"
          },
          "sensitive_attributes": []
        }
      ]
    },
    {
      "mode": "data",
      "type": "aws_iam_policy_document",
      "name": "lambda_assume_role_policy",
      "provider": "provider[\"registry.terraform.io/hashicorp/aws\"]",
      "instances": [
        {
          "schema_version": 0,
          "attributes": {
            "id": "2690255455",
            "json": "{\n  \"Version\": \"2012-10-17\",\n  \"Statement\": [\n    {\n      \"Effect\": \"Allow\",\n      \"Action\": \"sts:AssumeRole\",\n      \"Principal\": {\n        \"Service\": \"lambda.amazonaws.com\"\n      }\n    }\n  ]\n}",
            "minified_json": "{\"Version\":\"2012-10-17\",\"Statement\":[{\"Effect\":\"Allow\",\"Action\":\"sts:AssumeRole\",\"Principal\":{\"Service\":\"lambda.amazonaws.com\"}}]}",
            "override_json": null,
            "override_policy_documents": null,
            "policy_id": null,
            "source_json": null,
            "source_policy_documents": null,
            "statement": [
              {
                "actions": [
                  "sts:AssumeRole"
                ],
                "condition": [],
                "effect": "Allow",
                "not_actions": [],
                "not_principals": [],
                "not_resources": [],
                "principals": [
                  {
                    "identifiers": [
                      "lambda.amazonaws.com"
                    ],
                    "type": "Service"
                  }
                ],
                "resources": [],
                "sid": ""
              }
            ],
            "version": "2012-10-17"
          },
          "sensitive_attributes": []
        }
      ]
    },
    {
      "mode": "managed",
      "type": "aws_iam_policy",
      "name": "lambda_access_cloudwatch",
      "provider": "provider[\"registry.terraform.io/hashicorp/aws\"]",
      "instances": [
        {
          "schema_version": 0,
          "attributes": {
            "arn": "arn:aws:iam::728573093558:policy/lambda_access_cloudwatch",
            "attachment_count": 0,
            "description": "",
            "id": "arn:aws:iam::728573093558:policy/lambda_access_cloudwatch",
            "name": "lambda_access_cloudwatch",
            "name_prefix": "",
            "path": "/",
            "policy": "{\"Statement\":[{\"Action\":[\"logs:PutLogEvents\",\"logs:CreateLogStream\",\"logs:CreateLogGroup\"],\"Effect\":\"Allow\",\"Resource\":\"arn:aws:logs:*:*:*\"}],\"Version\":\"2012-10-17\"}",
            "policy_id": "ANPA2TISXE23HES2E3VGT",
            "tags": null,
            "tags_all": {}
          },
          "sensitive_attributes": [],
          "private": "bnVsbA==",
          "dependencies": [
            "data.aws_iam_policy_document.lambda_access_cloudwatch"
          ],
          "create_before_destroy": true
        }
      ]
    },
    {
      "mode": "managed",
      "type": "aws_iam_policy",
      "name": "lambda_access_s3",
      "provider": "provider[\"registry.terraform.io/hashicorp/aws\"]",
      "instances": [
        {
          "schema_version": 0,
          "attributes": {
            "arn": "arn:aws:iam::728573093558:policy/lambda_access_s3",
            "attachment_count": 0,
            "description": "",
            "id": "arn:aws:iam::728573093558:policy/lambda_access_s3",
            "name": "lambda_access_s3",
            "name_prefix": "",
            "path": "/",
            "policy": "{\"Statement\":[{\"Action\":[\"s3:PutObject\",\"s3:ListBucket\",\"s3:GetObject\",\"s3:DeleteObject\",\"s3:CreateBucket\"],\"Effect\":\"Allow\",\"Resource\":[\"arn:aws:s3:::football-project-728573093558/*\",\"arn:aws:s3:::football-project-728573093558\"]}],\"Version\":\"2012-10-17\"}",
            "policy_id": "ANPA2TISXE23G6ZWUG53B",
            "tags": null,
            "tags_all": {}
          },
          "sensitive_attributes": [],
          "private": "bnVsbA==",
          "dependencies": [
            "data.aws_iam_policy_document.lambda_access_s3"
          ],
          "create_before_destroy": true
        }
      ]
    },
    {
      "mode": "managed",
      "type": "aws_iam_role",
      "name": "lambda_role",
      "provider": "provider[\"registry.terraform.io/hashicorp/aws\"]",
      "instances": [
        {
          "schema_version": 0,
          "attributes": {
            "arn": "arn:aws:iam::728573093558:role/lambda-lambdaRole-waf",
            "assume_role_policy": "{\"Statement\":[{\"Action\":\"sts:AssumeRole\",\"Effect\":\"Allow\",\"Principal\":{\"Service\":\"lambda.amazonaws.com\"}}],\"Version\":\"2012-10-17\"}",
            "create_date": "2025-06-12T16:50:18Z",
            "description": "",
            "force_detach_policies": false,
            "id": "lambda-lambdaRole-waf",
            "inline_policy": [],
            "managed_policy_arns": [],
            "max_session_duration": 3600,
            "name": "lambda-lambdaRole-waf",
            "name_prefix": "",
            "path": "/",
            "permissions_boundary": "",
            "tags": null,
            "tags_all": {},
            "unique_id": "AROA2TISXE23JERPTLEYC"
          },
          "sensitive_attributes": [],
          "private": "bnVsbA==",
          "dependencies": [
            "data.aws_iam_policy_document.lambda_assume_role_policy"
          ],
          "create_before_destroy": true
        }
      ]
    },
    {
      "mode": "managed",
      "type": "aws_iam_role_policy_attachment",
      "name": "lambda_cloudwatch_policy_attach",
      "provider": "provider[\"registry.terraform.io/hashicorp/aws\"]",
      "instances": [
        {
          "schema_version": 0,
          "attributes": {
            "id": "lambda-lambdaRole-waf-20250612165018907700000001",
            "policy_arn": "arn:aws:iam::728573093558:policy/lambda_access_cloudwatch",
            "role": "lambda-lambdaRole-waf"
          },
          "sensitive_attributes": [],
          "private": "bnVsbA==",
          "dependencies": [
            "aws_iam_policy.lambda_access_cloudwatch",
            "aws_iam_role.lambda_role",
            "data.aws_iam_policy_document.lambda_access_cloudwatch",
            "data.aws_iam_policy_document.lambda_assume_role_policy"
          ],
          "create_before_destroy": true
        }
      ]
    },
    {
      "mode": "managed",
      "type": "aws_iam_role_policy_attachment",
      "name": "lambda_policy_attach",
      "provider": "provider[\"registry.terraform.io/hashicorp/aws\"]",
      "instances": [
        {
          "schema_version": 0,
          "attributes": {
            "id": "lambda-lambdaRole-waf-20250612165018926900000002",
            "policy_arn": "arn:aws:iam::728573093558:policy/lambda_access_s3",
            "role": "lambda-lambdaRole-waf"
          },
          "sensitive_attributes": [],
          "private": "bnVsbA==",
          "dependencies": [
            "aws_iam_policy.lambda_access_s3",
            "aws_iam_role.lambda_role",
            "data.aws_iam_policy_document.lambda_access_s3",
            "data.aws_iam_policy_document.lambda_assume_role_policy"
          ],
          "create_before_destroy": true
        }
      ]
    },
    {
      "mode": "managed",
      "type": "aws_lambda_layer_version",
      "name": "futebol_tracker_lambda_layer1",
      "provider": "provider[\"registry.terraform.io/hashicorp/aws\"]",
      "instances": [
        {
          "schema_version": 0,
          "attributes": {
            "arn": "arn:aws:lambda:us-east-2:728573093558:layer:futebol_tracker_lambda_layer1:2",
            "code_sha256": "WgQIBkNfW5LIQF0CcTKzAgDuYf/UxfI1ACdRNALpxCI=",
            "compatible_architectures": null,
            "compatible_runtimes": [
              "python3.11"
            ],
            "created_date": "2025-06-12T16:50:47.491+0000",
            "description": "",
            "filename": null,
            "id": "arn:aws:lambda:us-east-2:728573093558:layer:futebol_tracker_lambda_layer1:2",
            "layer_arn": "arn:aws:lambda:us-east-2:728573093558:layer:futebol_tracker_lambda_layer1",
            "layer_name": "futebol_tracker_lambda_layer1",
            "license_info": "",
            "s3_bucket": "football-project-728573093558",
            "s3_key": "dependencies/aws_dependencies/python.zip",
            "s3_object_version": null,
            "signing_job_arn": "",
            "signing_profile_version_arn": "",
            "skip_destroy": false,
            "source_code_hash": "",
            "source_code_size": 21570532,
            "version": "2"
          },
          "sensitive_attributes": [],
          "private": "bnVsbA==",
          "dependencies": [
            "aws_iam_role.lambda_role",
            "aws_s3_bucket.football_tracker_datalake",
            "aws_s3_object.layer1-file",
            "data.aws_iam_policy_document.lambda_assume_role_policy"
          ],
          "create_before_destroy": true
        }
      ]
    },
    {
      "mode": "managed",
      "type": "aws_lambda_layer_version",
      "name": "futebol_tracker_lambda_layer2",
      "provider": "provider[\"registry.terraform.io/hashicorp/aws\"]",
      "instances": [
        {
          "schema_version": 0,
          "attributes": {
            "arn": "arn:aws:lambda:us-east-2:728573093558:layer:futebol_tracker_lambda_layer2:2",
            "code_sha256": "w/YwF5DlAI9qnmYnNkxQwZ8R0TTARiJdI/o60M2RDJ4=",
            "compatible_architectures": null,
            "compatible_runtimes": [
              "python3.11"
            ],
            "created_date": "2025-06-12T16:51:05.917+0000",
            "description": "",
            "filename": null,
            "id": "arn:aws:lambda:us-east-2:728573093558:layer:futebol_tracker_lambda_layer2:2",
            "layer_arn": "arn:aws:lambda:us-east-2:728573093558:layer:futebol_tracker_lambda_layer2",
            "layer_name": "futebol_tracker_lambda_layer2",
            "license_info": "",
            "s3_bucket": "football-project-728573093558",
            "s3_key": "dependencies/data_processing_dependencies/python.zip",
            "s3_object_version": null,
            "signing_job_arn": "",
            "signing_profile_version_arn": "",
            "skip_destroy": false,
            "source_code_hash": "",
            "source_code_size": 73828558,
            "version": "2"
          },
          "sensitive_attributes": [],
          "private": "bnVsbA==",
          "dependencies": [
            "aws_iam_role.lambda_role",
            "aws_lambda_layer_version.futebol_tracker_lambda_layer1",
            "aws_s3_bucket.football_tracker_datalake",
            "aws_s3_object.layer1-file",
            "aws_s3_object.layer2-file",
            "data.aws_iam_policy_document.lambda_assume_role_policy"
          ],
          "create_before_destroy": true
        }
      ]
    },
    {
      "mode": "managed",
      "type": "aws_s3_bucket",
      "name": "football_tracker_datalake",
      "provider": "provider[\"registry.terraform.io/hashicorp/aws\"]",
      "instances": [
        {
          "schema_version": 0,
          "attributes": {
            "acceleration_status": "",
            "acl": null,
            "arn": "arn:aws:s3:::football-project-728573093558",
            "bucket": "football-project-728573093558",
            "bucket_domain_name": "football-project-728573093558.s3.amazonaws.com",
            "bucket_prefix": "",
            "bucket_regional_domain_name": "football-project-728573093558.s3.us-east-2.amazonaws.com",
            "cors_rule": [],
            "force_destroy": false,
            "grant": [
              {
                "id": "71eb4fa145c72e4b6875297c88e97d8e6c56914b727756099e4f9baa50e3343f",
                "permissions": [
                  "FULL_CONTROL"
                ],
                "type": "CanonicalUser",
                "uri": ""
              }
            ],
            "hosted_zone_id": "Z2O1EMRO9K5GLX",
            "id": "football-project-728573093558",
            "lifecycle_rule": [],
            "logging": [],
            "object_lock_configuration": [],
            "object_lock_enabled": false,
            "policy": "",
            "region": "us-east-2",
            "replication_configuration": [],
            "request_payer": "BucketOwner",
            "server_side_encryption_configuration": [
              {
                "rule": [
                  {
                    "apply_server_side_encryption_by_default": [
                      {
                        "kms_master_key_id": "",
                        "sse_algorithm": "AES256"
                      }
                    ],
                    "bucket_key_enabled": false
                  }
                ]
              }
            ],
            "tags": {
              "Environment": "Dev",
              "Managedby": "Terraform",
              "Name": "football-tracker-project"
            },
            "tags_all": {
              "Environment": "Dev",
              "Managedby": "Terraform",
              "Name": "football-tracker-project"
            },
            "timeouts": null,
            "versioning": [
              {
                "enabled": false,
                "mfa_delete": false
              }
            ],
            "website": [],
            "website_domain": null,
            "website_endpoint": null
          },
          "sensitive_attributes": [],
          "private": "eyJlMmJmYjczMC1lY2FhLTExZTYtOGY4OC0zNDM2M2JjN2M0YzAiOnsiY3JlYXRlIjoxMjAwMDAwMDAwMDAwLCJkZWxldGUiOjM2MDAwMDAwMDAwMDAsInJlYWQiOjEyMDAwMDAwMDAwMDAsInVwZGF0ZSI6MTIwMDAwMDAwMDAwMH19",
          "create_before_destroy": true
        }
      ]
    },
    {
      "mode": "managed",
      "type": "aws_s3_object",
      "name": "layer1-file",
      "provider": "provider[\"registry.terraform.io/hashicorp/aws\"]",
      "instances": [
        {
          "schema_version": 0,
          "attributes": {
            "acl": null,
            "arn": "arn:aws:s3:::football-project-728573093558/dependencies/aws_dependencies/python.zip",
            "bucket": "football-project-728573093558",
            "bucket_key_enabled": false,
            "cache_control": "",
            "checksum_algorithm": null,
            "checksum_crc32": "",
            "checksum_crc32c": "",
            "checksum_crc64nvme": "",
            "checksum_sha1": "",
            "checksum_sha256": "",
            "content": null,
            "content_base64": null,
            "content_disposition": "",
            "content_encoding": "",
            "content_language": "",
            "content_type": "binary/octet-stream",
            "etag": "f180d10ef383245e62c3190dec1314c8-5",
            "force_destroy": false,
            "id": "dependencies/aws_dependencies/python.zip",
            "key": "dependencies/aws_dependencies/python.zip",
            "kms_key_id": null,
            "metadata": null,
            "object_lock_legal_hold_status": "",
            "object_lock_mode": "",
            "object_lock_retain_until_date": "",
            "override_provider": [],
            "server_side_encryption": "AES256",
            "source": "./layers/aws_dependencies/python.zip",
            "source_hash": null,
            "storage_class": "STANDARD",
            "tags": {
              "Environment": "Dev",
              "Managedby": "Terraform",
              "Name": "football-tracker-project"
            },
            "tags_all": {
              "Environment": "Dev",
              "Managedby": "Terraform",
              "Name": "football-tracker-project"
            },
            "version_id": "",
            "website_redirect": ""
          },
          "sensitive_attributes": [],
          "private": "bnVsbA==",
          "dependencies": [
            "aws_s3_bucket.football_tracker_datalake"
          ],
          "create_before_destroy": true
        }
      ]
    },
    {
      "mode": "managed",
      "type": "aws_s3_object",
      "name": "layer2-file",
      "provider": "provider[\"registry.terraform.io/hashicorp/aws\"]",
      "instances": [
        {
          "schema_version": 0,
          "attributes": {
            "acl": null,
            "arn": "arn:aws:s3:::football-project-728573093558/dependencies/data_processing_dependencies/python.zip",
            "bucket": "football-project-728573093558",
            "bucket_key_enabled": false,
            "cache_control": "",
            "checksum_algorithm": null,
            "checksum_crc32": "",
            "checksum_crc32c": "",
            "checksum_crc64nvme": "",
            "checksum_sha1": "",
            "checksum_sha256": "",
            "content": null,
            "content_base64": null,
            "content_disposition": "",
            "content_encoding": "",
            "content_language": "",
            "content_type": "binary/octet-stream",
            "etag": "0ba58a340711c896c946a4020fe63ccb-15",
            "force_destroy": false,
            "id": "dependencies/data_processing_dependencies/python.zip",
            "key": "dependencies/data_processing_dependencies/python.zip",
            "kms_key_id": null,
            "metadata": null,
            "object_lock_legal_hold_status": "",
            "object_lock_mode": "",
            "object_lock_retain_until_date": "",
            "override_provider": [],
            "server_side_encryption": "AES256",
            "source": "./layers/data_processing_dependencies/python.zip",
            "source_hash": null,
            "storage_class": "STANDARD",
            "tags": {
              "Environment": "Dev",
              "Managedby": "Terraform",
              "Name": "football-tracker-project"
            },
            "tags_all": {
              "Environment": "Dev",
              "Managedby": "Terraform",
              "Name": "football-tracker-project"
            },
            "version_id": "",
            "website_redirect": ""
          },
          "sensitive_attributes": [],
          "private": "bnVsbA==",
          "dependencies": [
            "aws_s3_bucket.football_tracker_datalake",
            "aws_s3_object.layer1-file"
          ],
          "create_before_destroy": true
        }
      ]
    }
  ],
  "check_results": [
    {
      "object_kind": "resource",
      "config_addr": "aws_s3_object.layer1-file",
      "status": "pass",
      "objects": [
        {
          "object_addr": "aws_s3_object.layer1-file",
          "status": "pass"
        }
      ]
    },
    {
      "object_kind": "resource",
      "config_addr": "aws_lambda_function.futebol_tracker_extractores_lambda",
      "status": "pass",
      "objects": [
        {
          "object_addr": "aws_lambda_function.futebol_tracker_extractores_lambda",
          "status": "pass"
        }
      ]
    },
    {
      "object_kind": "resource",
      "config_addr": "aws_s3_object.layer2-file",
      "status": "pass",
      "objects": [
        {
          "object_addr": "aws_s3_object.layer2-file",
          "status": "pass"
        }
      ]
    },
    {
      "object_kind": "var",
      "config_addr": "var.aws_region",
      "status": "pass",
      "objects": [
        {
          "object_addr": "var.aws_region",
          "status": "pass"
        }
      ]
    },
    {
      "object_kind": "var",
      "config_addr": "var.bucket_name",
      "status": "pass",
      "objects": [
        {
          "object_addr": "var.bucket_name",
          "status": "pass"
        }
      ]
    }
  ]
}
